# This file is autogenerated, do not edit; changes may be undone by the next 'dep ensure'.


[[projects]]
  branch = "master"
  digest = "1:f66c2d5198bcb03f974b1979d9b1b2508c134e7339fb1d6ad4b6521a3d985d52"
  name = "github.com/17xande/keylogger"
  packages = ["."]
  pruneopts = ""
  revision = "6b55ef64dc9b45f20515b23d89a072226924d41a"

[[projects]]
  digest = "1:dbbeb8ddb0be949954c8157ee8439c2adfd8dc1c9510eb44a6e58cb68c3dce28"
  name = "github.com/gorilla/context"
  packages = ["."]
  pruneopts = ""
  revision = "08b5f424b9271eedf6f9f0ce86cb9396ed337a42"
  version = "v1.1.1"

[[projects]]
  digest = "1:51a1d17ba9fe6648d9fdd5b822baa616d6ec7f28c8669c2091126d206796b5ae"
  name = "github.com/gorilla/securecookie"
  packages = ["."]
  pruneopts = ""
  revision = "e59506cc896acb7f7bf732d4fdf5e25f7ccd8983"
  version = "v1.1.1"

[[projects]]
  digest = "1:73a5fcb45a8eb1b1195fa8c1c18a7c7a874ec8f507cd7b39026ab255855b6506"
  name = "github.com/gorilla/sessions"
  packages = ["."]
  pruneopts = ""
  revision = "03b6f63cc43ef9c7240a635a5e22b13180e822b8"
  version = "v1.1.1"

[[projects]]
  digest = "1:e2766c5ca6578e62dfd0dca4eb40d4e3470c52a92abdf8f66e57d79f4d13ef5f"
  name = "github.com/gorilla/websocket"
  packages = ["."]
  pruneopts = ""
  revision = "3ff3320c2a1756a3691521efc290b4701575147c"
  version = "v1.3.0"

[[projects]]
  branch = "master"
  digest = "1:793a79198b755828dec284c6f1325e24e09186f1b7ba818b65c7c35104ed86eb"
  name = "golang.org/x/crypto"
  packages = [
    "bcrypt",
    "blowfish",
  ]
  pruneopts = ""
  revision = "614d502a4dac94afa3a6ce146bd1736da82514c6"

[solve-meta]
  analyzer-name = "dep"
  analyzer-version = 1
  input-imports = [
    "github.com/17xande/keylogger",
    "github.com/gorilla/sessions",
    "github.com/gorilla/websocket",
    "golang.org/x/crypto/bcrypt",
  ]
  solver-name = "gps-cdcl"
  solver-version = 1
